
Microsoft Visual Studio Solution File, Format Version 12.00
# Visual Studio 2013
VisualStudioVersion = 12.0.40629.0
MinimumVisualStudioVersion = 10.0.40219.1
Project("{FAE04EC0-301F-11D3-BF4B-00C04F79EFBC}") = "三层架构SQLServer", "三层架构SQLServer\三层架构SQLServer.csproj", "{5B6DDC2D-D572-43DD-9E90-8B05FDAEDB65}"
EndProject
Global
	GlobalSection(SolutionConfigurationPlatforms) = preSolution
		Debug|Any CPU = Debug|Any CPU
		Release|Any CPU = Release|Any CPU
	EndGlobalSection
	GlobalSection(ProjectConfigurationPlatforms) = postSolution
		{5B6DDC2D-D572-43DD-9E90-8B05FDAEDB65}.Debug|Any CPU.ActiveCfg = Debug|Any CPU
		{5B6DDC2D-D572-43DD-9E90-8B05FDAEDB65}.Debug|Any CPU.Build.0 = Debug|Any CPU
		{5B6DDC2D-D572-43DD-9E90-8B05FDAEDB65}.Release|Any CPU.ActiveCfg = Release|Any CPU
		{5B6DDC2D-D572-43DD-9E90-8B05FDAEDB65}.Release|Any CPU.Build.0 = Release|Any CPU
	EndGlobalSection
	GlobalSection(SolutionProperties) = preSolution
		HideSolutionNode = FALSE
	EndGlobalSection
EndGlobal
