
Microsoft Visual Studio Solution File, Format Version 12.00
# Visual Studio 2013
VisualStudioVersion = 12.0.40629.0
MinimumVisualStudioVersion = 10.0.40219.1
Project("{FAE04EC0-301F-11D3-BF4B-00C04F79EFBC}") = "ScrollTextBlock", "自定义控件\ScrollTextBlock.csproj", "{130193CB-DE98-4E12-9550-A29280495D66}"
EndProject
Project("{FAE04EC0-301F-11D3-BF4B-00C04F79EFBC}") = "New", "New\New.csproj", "{491EB343-5494-4694-A2F9-B43F66690CEE}"
EndProject
Global
	GlobalSection(SolutionConfigurationPlatforms) = preSolution
		Debug|Any CPU = Debug|Any CPU
		Debug|ARM = Debug|ARM
		Debug|x86 = Debug|x86
		Release|Any CPU = Release|Any CPU
		Release|ARM = Release|ARM
		Release|x86 = Release|x86
	EndGlobalSection
	GlobalSection(ProjectConfigurationPlatforms) = postSolution
		{130193CB-DE98-4E12-9550-A29280495D66}.Debug|Any CPU.ActiveCfg = Debug|Any CPU
		{130193CB-DE98-4E12-9550-A29280495D66}.Debug|Any CPU.Build.0 = Debug|Any CPU
		{130193CB-DE98-4E12-9550-A29280495D66}.Debug|Any CPU.Deploy.0 = Debug|Any CPU
		{130193CB-DE98-4E12-9550-A29280495D66}.Debug|ARM.ActiveCfg = Debug|ARM
		{130193CB-DE98-4E12-9550-A29280495D66}.Debug|ARM.Build.0 = Debug|ARM
		{130193CB-DE98-4E12-9550-A29280495D66}.Debug|ARM.Deploy.0 = Debug|ARM
		{130193CB-DE98-4E12-9550-A29280495D66}.Debug|x86.ActiveCfg = Debug|x86
		{130193CB-DE98-4E12-9550-A29280495D66}.Debug|x86.Build.0 = Debug|x86
		{130193CB-DE98-4E12-9550-A29280495D66}.Debug|x86.Deploy.0 = Debug|x86
		{130193CB-DE98-4E12-9550-A29280495D66}.Release|Any CPU.ActiveCfg = Release|Any CPU
		{130193CB-DE98-4E12-9550-A29280495D66}.Release|Any CPU.Build.0 = Release|Any CPU
		{130193CB-DE98-4E12-9550-A29280495D66}.Release|Any CPU.Deploy.0 = Release|Any CPU
		{130193CB-DE98-4E12-9550-A29280495D66}.Release|ARM.ActiveCfg = Release|ARM
		{130193CB-DE98-4E12-9550-A29280495D66}.Release|ARM.Build.0 = Release|ARM
		{130193CB-DE98-4E12-9550-A29280495D66}.Release|ARM.Deploy.0 = Release|ARM
		{130193CB-DE98-4E12-9550-A29280495D66}.Release|x86.ActiveCfg = Release|x86
		{130193CB-DE98-4E12-9550-A29280495D66}.Release|x86.Build.0 = Release|x86
		{130193CB-DE98-4E12-9550-A29280495D66}.Release|x86.Deploy.0 = Release|x86
		{491EB343-5494-4694-A2F9-B43F66690CEE}.Debug|Any CPU.ActiveCfg = Debug|Any CPU
		{491EB343-5494-4694-A2F9-B43F66690CEE}.Debug|Any CPU.Build.0 = Debug|Any CPU
		{491EB343-5494-4694-A2F9-B43F66690CEE}.Debug|Any CPU.Deploy.0 = Debug|Any CPU
		{491EB343-5494-4694-A2F9-B43F66690CEE}.Debug|ARM.ActiveCfg = Debug|ARM
		{491EB343-5494-4694-A2F9-B43F66690CEE}.Debug|ARM.Build.0 = Debug|ARM
		{491EB343-5494-4694-A2F9-B43F66690CEE}.Debug|ARM.Deploy.0 = Debug|ARM
		{491EB343-5494-4694-A2F9-B43F66690CEE}.Debug|x86.ActiveCfg = Debug|x86
		{491EB343-5494-4694-A2F9-B43F66690CEE}.Debug|x86.Build.0 = Debug|x86
		{491EB343-5494-4694-A2F9-B43F66690CEE}.Debug|x86.Deploy.0 = Debug|x86
		{491EB343-5494-4694-A2F9-B43F66690CEE}.Release|Any CPU.ActiveCfg = Release|Any CPU
		{491EB343-5494-4694-A2F9-B43F66690CEE}.Release|Any CPU.Build.0 = Release|Any CPU
		{491EB343-5494-4694-A2F9-B43F66690CEE}.Release|Any CPU.Deploy.0 = Release|Any CPU
		{491EB343-5494-4694-A2F9-B43F66690CEE}.Release|ARM.ActiveCfg = Release|ARM
		{491EB343-5494-4694-A2F9-B43F66690CEE}.Release|ARM.Build.0 = Release|ARM
		{491EB343-5494-4694-A2F9-B43F66690CEE}.Release|ARM.Deploy.0 = Release|ARM
		{491EB343-5494-4694-A2F9-B43F66690CEE}.Release|x86.ActiveCfg = Release|x86
		{491EB343-5494-4694-A2F9-B43F66690CEE}.Release|x86.Build.0 = Release|x86
		{491EB343-5494-4694-A2F9-B43F66690CEE}.Release|x86.Deploy.0 = Release|x86
	EndGlobalSection
	GlobalSection(SolutionProperties) = preSolution
		HideSolutionNode = FALSE
	EndGlobalSection
EndGlobal
